// !$*UTF8*$!
{
	archiveVersion = 1;
	classes = {
	};
	objectVersion = 48;
	objects = {

/* Begin PBXBuildFile section */
		1406189C1FD7293C00BC8D58 /* Converter.swift in Sources */ = {isa = PBXBuildFile; fileRef = 1406189B1FD7293C00BC8D58 /* Converter.swift */; };
		140CA4181FD0877F00B52AE9 /* FirebaseController.swift in Sources */ = {isa = PBXBuildFile; fileRef = 140CA4171FD0877F00B52AE9 /* FirebaseController.swift */; };
		140EAE991FD5E570003E8C41 /* Date+Extension.swift in Sources */ = {isa = PBXBuildFile; fileRef = 140EAE981FD5E570003E8C41 /* Date+Extension.swift */; };
		141062E61FCB805F0007CED0 /* APIController.swift in Sources */ = {isa = PBXBuildFile; fileRef = 141062E51FCB805F0007CED0 /* APIController.swift */; };
		142347111FC4CA8200A129B0 /* AppDelegate.swift in Sources */ = {isa = PBXBuildFile; fileRef = 142347101FC4CA8200A129B0 /* AppDelegate.swift */; };
		142347161FC4CA8200A129B0 /* Main.storyboard in Resources */ = {isa = PBXBuildFile; fileRef = 142347141FC4CA8200A129B0 /* Main.storyboard */; };
		142347181FC4CA8200A129B0 /* Assets.xcassets in Resources */ = {isa = PBXBuildFile; fileRef = 142347171FC4CA8200A129B0 /* Assets.xcassets */; };
		1423471B1FC4CA8200A129B0 /* LaunchScreen.storyboard in Resources */ = {isa = PBXBuildFile; fileRef = 142347191FC4CA8200A129B0 /* LaunchScreen.storyboard */; };
		1429FFF51FD899BD00C2BBBD /* ReservationViewController.swift in Sources */ = {isa = PBXBuildFile; fileRef = 1429FFF41FD899BD00C2BBBD /* ReservationViewController.swift */; };
		14341F081FDF51CE000D9E60 /* DateController.swift in Sources */ = {isa = PBXBuildFile; fileRef = 14341F071FDF51CE000D9E60 /* DateController.swift */; };
		143A19721FC4DB6600488927 /* GoogleService-Info.plist in Resources */ = {isa = PBXBuildFile; fileRef = 143A19711FC4DAEF00488927 /* GoogleService-Info.plist */; };
		143A19761FC4E67700488927 /* LoginViewController.swift in Sources */ = {isa = PBXBuildFile; fileRef = 143A19751FC4E67700488927 /* LoginViewController.swift */; };
		143A19781FC4E68E00488927 /* DashboardViewController.swift in Sources */ = {isa = PBXBuildFile; fileRef = 143A19771FC4E68E00488927 /* DashboardViewController.swift */; };
		143A197A1FC4E7A400488927 /* Login.storyboard in Resources */ = {isa = PBXBuildFile; fileRef = 143A19791FC4E7A400488927 /* Login.storyboard */; };
		143A19851FC5123400488927 /* DashboardTableViewCell.swift in Sources */ = {isa = PBXBuildFile; fileRef = 143A19841FC5123400488927 /* DashboardTableViewCell.swift */; };
		1444D04E200E8FE000A6158F /* MediaViewController.swift in Sources */ = {isa = PBXBuildFile; fileRef = 1444D04D200E8FE000A6158F /* MediaViewController.swift */; };
		1444D050200E91FA00A6158F /* TripsLayout.swift in Sources */ = {isa = PBXBuildFile; fileRef = 1444D04F200E91FA00A6158F /* TripsLayout.swift */; };
		145B03E52006C4DF00910305 /* NavigationController+Extension.swift in Sources */ = {isa = PBXBuildFile; fileRef = 145B03E42006C4DF00910305 /* NavigationController+Extension.swift */; };
		147087B81FC5269F00B13273 /* SchedulingViewController.swift in Sources */ = {isa = PBXBuildFile; fileRef = 147087B71FC5269F00B13273 /* SchedulingViewController.swift */; };
		147087BA1FC5276F00B13273 /* DateCell.swift in Sources */ = {isa = PBXBuildFile; fileRef = 147087B91FC5276F00B13273 /* DateCell.swift */; };
		147BA20C2011224A007B88D8 /* MediaCollectionViewCell.swift in Sources */ = {isa = PBXBuildFile; fileRef = 147BA20B2011224A007B88D8 /* MediaCollectionViewCell.swift */; };
		147BA20E201122AC007B88D8 /* SectionHeader.swift in Sources */ = {isa = PBXBuildFile; fileRef = 147BA20D201122AC007B88D8 /* SectionHeader.swift */; };
		147BA210201146FF007B88D8 /* Media.swift in Sources */ = {isa = PBXBuildFile; fileRef = 147BA20F201146FF007B88D8 /* Media.swift */; };
		147BA21220117DAD007B88D8 /* CollectionViewDataSourceController.swift in Sources */ = {isa = PBXBuildFile; fileRef = 147BA21120117DAD007B88D8 /* CollectionViewDataSourceController.swift */; };
		147D285C1FFC0C87008A5545 /* UpcomingTripsViewController.swift in Sources */ = {isa = PBXBuildFile; fileRef = 147D285B1FFC0C87008A5545 /* UpcomingTripsViewController.swift */; };
		147D28621FFD5824008A5545 /* UpcomingTripTableViewCell.swift in Sources */ = {isa = PBXBuildFile; fileRef = 147D28611FFD5824008A5545 /* UpcomingTripTableViewCell.swift */; };
		147D28641FFD7A91008A5545 /* TripDetailsTableViewCell.swift in Sources */ = {isa = PBXBuildFile; fileRef = 147D28631FFD7A91008A5545 /* TripDetailsTableViewCell.swift */; };
		1481B9B21FCCAC4800959AC7 /* WeatherAPI.swift in Sources */ = {isa = PBXBuildFile; fileRef = 1481B9B11FCCAC4800959AC7 /* WeatherAPI.swift */; };
		1481B9B41FCCAD5E00959AC7 /* Weather.swift in Sources */ = {isa = PBXBuildFile; fileRef = 1481B9B31FCCAD5E00959AC7 /* Weather.swift */; };
		1481B9B61FCCB3B500959AC7 /* Location.swift in Sources */ = {isa = PBXBuildFile; fileRef = 1481B9B51FCCB3B500959AC7 /* Location.swift */; };
		1481B9B81FCCC17600959AC7 /* Conditions.swift in Sources */ = {isa = PBXBuildFile; fileRef = 1481B9B71FCCC17600959AC7 /* Conditions.swift */; };
		1481B9BA1FCCE87700959AC7 /* Day.swift in Sources */ = {isa = PBXBuildFile; fileRef = 1481B9B91FCCE87700959AC7 /* Day.swift */; };
		1481B9BC1FCCEE2000959AC7 /* Reservation.swift in Sources */ = {isa = PBXBuildFile; fileRef = 1481B9BB1FCCEE2000959AC7 /* Reservation.swift */; };
		1481B9BE1FCCEF8100959AC7 /* Group.swift in Sources */ = {isa = PBXBuildFile; fileRef = 1481B9BD1FCCEF8100959AC7 /* Group.swift */; };
		14B3E7FF1FE1EF6900411AF8 /* EmailController.swift in Sources */ = {isa = PBXBuildFile; fileRef = 14B3E7FE1FE1EF6900411AF8 /* EmailController.swift */; };
		14BBC9E41FD08ACB0096BBF6 /* DataStore.swift in Sources */ = {isa = PBXBuildFile; fileRef = 14BBC9E31FD08ACB0096BBF6 /* DataStore.swift */; };
		14BBC9E61FD0A01B0096BBF6 /* WeatherCollectionViewCell.swift in Sources */ = {isa = PBXBuildFile; fileRef = 14BBC9E51FD0A01B0096BBF6 /* WeatherCollectionViewCell.swift */; };
		14C055AF1FD6353B0075947F /* WeatherTableViewCell.swift in Sources */ = {isa = PBXBuildFile; fileRef = 14C055AE1FD6353B0075947F /* WeatherTableViewCell.swift */; };
		14C6077C1FF5938E00A52F9B /* UIView+Extension.swift in Sources */ = {isa = PBXBuildFile; fileRef = 14C6077B1FF5938E00A52F9B /* UIView+Extension.swift */; };
		14C6077E1FF5972500A52F9B /* Constants.swift in Sources */ = {isa = PBXBuildFile; fileRef = 14C6077D1FF5972500A52F9B /* Constants.swift */; };
		14C989C51FD1E1B10024724A /* WeatherController.swift in Sources */ = {isa = PBXBuildFile; fileRef = 14C989C41FD1E1B10024724A /* WeatherController.swift */; };
		14C989CB1FD1F1C50024724A /* Configuration.swift in Sources */ = {isa = PBXBuildFile; fileRef = 14C989CA1FD1F1C50024724A /* Configuration.swift */; };
		B550D35E9D07FBAB89B9FC0A /* Pods_Bluebird_Heli.framework in Frameworks */ = {isa = PBXBuildFile; fileRef = DFA89DBD487C3ABCD53A3230 /* Pods_Bluebird_Heli.framework */; };
/* End PBXBuildFile section */

/* Begin PBXFileReference section */
		04317FAAAB0F7737F09123C5 /* Pods-Bluebird Heli.release.xcconfig */ = {isa = PBXFileReference; includeInIndex = 1; lastKnownFileType = text.xcconfig; name = "Pods-Bluebird Heli.release.xcconfig"; path = "Pods/Target Support Files/Pods-Bluebird Heli/Pods-Bluebird Heli.release.xcconfig"; sourceTree = "<group>"; };
		1406189B1FD7293C00BC8D58 /* Converter.swift */ = {isa = PBXFileReference; lastKnownFileType = sourcecode.swift; path = Converter.swift; sourceTree = "<group>"; };
		140CA4171FD0877F00B52AE9 /* FirebaseController.swift */ = {isa = PBXFileReference; lastKnownFileType = sourcecode.swift; path = FirebaseController.swift; sourceTree = "<group>"; };
		140EAE981FD5E570003E8C41 /* Date+Extension.swift */ = {isa = PBXFileReference; lastKnownFileType = sourcecode.swift; path = "Date+Extension.swift"; sourceTree = "<group>"; };
		141062E51FCB805F0007CED0 /* APIController.swift */ = {isa = PBXFileReference; lastKnownFileType = sourcecode.swift; path = APIController.swift; sourceTree = "<group>"; };
		1423470D1FC4CA8200A129B0 /* Bluebird Heli.app */ = {isa = PBXFileReference; explicitFileType = wrapper.application; includeInIndex = 0; path = "Bluebird Heli.app"; sourceTree = BUILT_PRODUCTS_DIR; };
		142347101FC4CA8200A129B0 /* AppDelegate.swift */ = {isa = PBXFileReference; lastKnownFileType = sourcecode.swift; path = AppDelegate.swift; sourceTree = "<group>"; };
		142347151FC4CA8200A129B0 /* Base */ = {isa = PBXFileReference; lastKnownFileType = file.storyboard; name = Base; path = Base.lproj/Main.storyboard; sourceTree = "<group>"; };
		142347171FC4CA8200A129B0 /* Assets.xcassets */ = {isa = PBXFileReference; lastKnownFileType = folder.assetcatalog; path = Assets.xcassets; sourceTree = "<group>"; };
		1423471A1FC4CA8200A129B0 /* Base */ = {isa = PBXFileReference; lastKnownFileType = file.storyboard; name = Base; path = Base.lproj/LaunchScreen.storyboard; sourceTree = "<group>"; };
		1423471C1FC4CA8200A129B0 /* Info.plist */ = {isa = PBXFileReference; lastKnownFileType = text.plist.xml; path = Info.plist; sourceTree = "<group>"; };
		1429FFF41FD899BD00C2BBBD /* ReservationViewController.swift */ = {isa = PBXFileReference; lastKnownFileType = sourcecode.swift; path = ReservationViewController.swift; sourceTree = "<group>"; };
		14341F071FDF51CE000D9E60 /* DateController.swift */ = {isa = PBXFileReference; lastKnownFileType = sourcecode.swift; path = DateController.swift; sourceTree = "<group>"; };
		143A19711FC4DAEF00488927 /* GoogleService-Info.plist */ = {isa = PBXFileReference; lastKnownFileType = text.plist.xml; path = "GoogleService-Info.plist"; sourceTree = "<group>"; };
		143A19751FC4E67700488927 /* LoginViewController.swift */ = {isa = PBXFileReference; lastKnownFileType = sourcecode.swift; path = LoginViewController.swift; sourceTree = "<group>"; };
		143A19771FC4E68E00488927 /* DashboardViewController.swift */ = {isa = PBXFileReference; lastKnownFileType = sourcecode.swift; path = DashboardViewController.swift; sourceTree = "<group>"; };
		143A19791FC4E7A400488927 /* Login.storyboard */ = {isa = PBXFileReference; lastKnownFileType = file.storyboard; path = Login.storyboard; sourceTree = "<group>"; };
		143A19841FC5123400488927 /* DashboardTableViewCell.swift */ = {isa = PBXFileReference; lastKnownFileType = sourcecode.swift; path = DashboardTableViewCell.swift; sourceTree = "<group>"; };
		1444D04D200E8FE000A6158F /* MediaViewController.swift */ = {isa = PBXFileReference; lastKnownFileType = sourcecode.swift; path = MediaViewController.swift; sourceTree = "<group>"; };
		1444D04F200E91FA00A6158F /* TripsLayout.swift */ = {isa = PBXFileReference; lastKnownFileType = sourcecode.swift; path = TripsLayout.swift; sourceTree = "<group>"; };
		145B03E42006C4DF00910305 /* NavigationController+Extension.swift */ = {isa = PBXFileReference; lastKnownFileType = sourcecode.swift; path = "NavigationController+Extension.swift"; sourceTree = "<group>"; };
		147087B71FC5269F00B13273 /* SchedulingViewController.swift */ = {isa = PBXFileReference; lastKnownFileType = sourcecode.swift; path = SchedulingViewController.swift; sourceTree = "<group>"; };
		147087B91FC5276F00B13273 /* DateCell.swift */ = {isa = PBXFileReference; lastKnownFileType = sourcecode.swift; path = DateCell.swift; sourceTree = "<group>"; };
		147BA20B2011224A007B88D8 /* MediaCollectionViewCell.swift */ = {isa = PBXFileReference; lastKnownFileType = sourcecode.swift; path = MediaCollectionViewCell.swift; sourceTree = "<group>"; };
		147BA20D201122AC007B88D8 /* SectionHeader.swift */ = {isa = PBXFileReference; lastKnownFileType = sourcecode.swift; path = SectionHeader.swift; sourceTree = "<group>"; };
		147BA20F201146FF007B88D8 /* Media.swift */ = {isa = PBXFileReference; lastKnownFileType = sourcecode.swift; path = Media.swift; sourceTree = "<group>"; };
		147BA21120117DAD007B88D8 /* CollectionViewDataSourceController.swift */ = {isa = PBXFileReference; lastKnownFileType = sourcecode.swift; path = CollectionViewDataSourceController.swift; sourceTree = "<group>"; };
		147D285B1FFC0C87008A5545 /* UpcomingTripsViewController.swift */ = {isa = PBXFileReference; lastKnownFileType = sourcecode.swift; path = UpcomingTripsViewController.swift; sourceTree = "<group>"; };
		147D28611FFD5824008A5545 /* UpcomingTripTableViewCell.swift */ = {isa = PBXFileReference; lastKnownFileType = sourcecode.swift; path = UpcomingTripTableViewCell.swift; sourceTree = "<group>"; };
		147D28631FFD7A91008A5545 /* TripDetailsTableViewCell.swift */ = {isa = PBXFileReference; lastKnownFileType = sourcecode.swift; name = TripDetailsTableViewCell.swift; path = "Bluebird Heli/View/TripDetailsTableViewCell.swift"; sourceTree = SOURCE_ROOT; };
		1481B9B11FCCAC4800959AC7 /* WeatherAPI.swift */ = {isa = PBXFileReference; lastKnownFileType = sourcecode.swift; path = WeatherAPI.swift; sourceTree = "<group>"; };
		1481B9B31FCCAD5E00959AC7 /* Weather.swift */ = {isa = PBXFileReference; lastKnownFileType = sourcecode.swift; path = Weather.swift; sourceTree = "<group>"; };
		1481B9B51FCCB3B500959AC7 /* Location.swift */ = {isa = PBXFileReference; lastKnownFileType = sourcecode.swift; path = Location.swift; sourceTree = "<group>"; };
		1481B9B71FCCC17600959AC7 /* Conditions.swift */ = {isa = PBXFileReference; lastKnownFileType = sourcecode.swift; path = Conditions.swift; sourceTree = "<group>"; };
		1481B9B91FCCE87700959AC7 /* Day.swift */ = {isa = PBXFileReference; lastKnownFileType = sourcecode.swift; path = Day.swift; sourceTree = "<group>"; };
		1481B9BB1FCCEE2000959AC7 /* Reservation.swift */ = {isa = PBXFileReference; lastKnownFileType = sourcecode.swift; path = Reservation.swift; sourceTree = "<group>"; };
		1481B9BD1FCCEF8100959AC7 /* Group.swift */ = {isa = PBXFileReference; lastKnownFileType = sourcecode.swift; path = Group.swift; sourceTree = "<group>"; };
		14B3E7FE1FE1EF6900411AF8 /* EmailController.swift */ = {isa = PBXFileReference; lastKnownFileType = sourcecode.swift; path = EmailController.swift; sourceTree = "<group>"; };
		14BBC9E31FD08ACB0096BBF6 /* DataStore.swift */ = {isa = PBXFileReference; lastKnownFileType = sourcecode.swift; path = DataStore.swift; sourceTree = "<group>"; };
		14BBC9E51FD0A01B0096BBF6 /* WeatherCollectionViewCell.swift */ = {isa = PBXFileReference; lastKnownFileType = sourcecode.swift; path = WeatherCollectionViewCell.swift; sourceTree = "<group>"; };
		14C055AE1FD6353B0075947F /* WeatherTableViewCell.swift */ = {isa = PBXFileReference; lastKnownFileType = sourcecode.swift; path = WeatherTableViewCell.swift; sourceTree = "<group>"; };
		14C6077B1FF5938E00A52F9B /* UIView+Extension.swift */ = {isa = PBXFileReference; lastKnownFileType = sourcecode.swift; path = "UIView+Extension.swift"; sourceTree = "<group>"; };
		14C6077D1FF5972500A52F9B /* Constants.swift */ = {isa = PBXFileReference; lastKnownFileType = sourcecode.swift; path = Constants.swift; sourceTree = "<group>"; };
		14C989C41FD1E1B10024724A /* WeatherController.swift */ = {isa = PBXFileReference; lastKnownFileType = sourcecode.swift; path = WeatherController.swift; sourceTree = "<group>"; };
		14C989CA1FD1F1C50024724A /* Configuration.swift */ = {isa = PBXFileReference; lastKnownFileType = sourcecode.swift; path = Configuration.swift; sourceTree = "<group>"; };
		50A0BF17C7AF70CB22677329 /* Pods-Bluebird Heli.debug (production).xcconfig */ = {isa = PBXFileReference; includeInIndex = 1; lastKnownFileType = text.xcconfig; name = "Pods-Bluebird Heli.debug (production).xcconfig"; path = "Pods/Target Support Files/Pods-Bluebird Heli/Pods-Bluebird Heli.debug (production).xcconfig"; sourceTree = "<group>"; };
		61855EC4DE4E7656B3AA8F1C /* Pods-Bluebird Heli.debug (staging).xcconfig */ = {isa = PBXFileReference; includeInIndex = 1; lastKnownFileType = text.xcconfig; name = "Pods-Bluebird Heli.debug (staging).xcconfig"; path = "Pods/Target Support Files/Pods-Bluebird Heli/Pods-Bluebird Heli.debug (staging).xcconfig"; sourceTree = "<group>"; };
		C3EB7A26235281C5F12BC29A /* Pods-Bluebird Heli.debug.xcconfig */ = {isa = PBXFileReference; includeInIndex = 1; lastKnownFileType = text.xcconfig; name = "Pods-Bluebird Heli.debug.xcconfig"; path = "Pods/Target Support Files/Pods-Bluebird Heli/Pods-Bluebird Heli.debug.xcconfig"; sourceTree = "<group>"; };
		DFA89DBD487C3ABCD53A3230 /* Pods_Bluebird_Heli.framework */ = {isa = PBXFileReference; explicitFileType = wrapper.framework; includeInIndex = 0; path = Pods_Bluebird_Heli.framework; sourceTree = BUILT_PRODUCTS_DIR; };
/* End PBXFileReference section */

/* Begin PBXFrameworksBuildPhase section */
		1423470A1FC4CA8200A129B0 /* Frameworks */ = {
			isa = PBXFrameworksBuildPhase;
			buildActionMask = 2147483647;
			files = (
				B550D35E9D07FBAB89B9FC0A /* Pods_Bluebird_Heli.framework in Frameworks */,
			);
			runOnlyForDeploymentPostprocessing = 0;
		};
/* End PBXFrameworksBuildPhase section */

/* Begin PBXGroup section */
		142347041FC4CA8200A129B0 = {
			isa = PBXGroup;
			children = (
				1423470F1FC4CA8200A129B0 /* Bluebird Heli */,
				1423470E1FC4CA8200A129B0 /* Products */,
				D94FD85DABD7CBA4FBE89BBE /* Pods */,
				DCD6A3D6FE7413CE3EEC4822 /* Frameworks */,
			);
			sourceTree = "<group>";
		};
		1423470E1FC4CA8200A129B0 /* Products */ = {
			isa = PBXGroup;
			children = (
				1423470D1FC4CA8200A129B0 /* Bluebird Heli.app */,
			);
			name = Products;
			sourceTree = "<group>";
		};
		1423470F1FC4CA8200A129B0 /* Bluebird Heli */ = {
			isa = PBXGroup;
			children = (
				142347101FC4CA8200A129B0 /* AppDelegate.swift */,
				14C6077D1FF5972500A52F9B /* Constants.swift */,
				14C989CA1FD1F1C50024724A /* Configuration.swift */,
				1444D04F200E91FA00A6158F /* TripsLayout.swift */,
				143A19711FC4DAEF00488927 /* GoogleService-Info.plist */,
				1423471C1FC4CA8200A129B0 /* Info.plist */,
				1464C04E2007F31A005BA4ED /* Extensions */,
				14C989CC1FD2621A0024724A /* Model */,
				14C989CD1FD262770024724A /* View */,
				14BBC9E71FD1D9DF0096BBF6 /* Controller */,
				14C989CE1FD2628F0024724A /* View Controller */,
				143A19831FC5106700488927 /* Supporting Files */,
				143A19821FC5105600488927 /* Storyboards */,
			);
			path = "Bluebird Heli";
			sourceTree = "<group>";
		};
		143A19821FC5105600488927 /* Storyboards */ = {
			isa = PBXGroup;
			children = (
				142347191FC4CA8200A129B0 /* LaunchScreen.storyboard */,
				143A19791FC4E7A400488927 /* Login.storyboard */,
				142347141FC4CA8200A129B0 /* Main.storyboard */,
			);
			path = Storyboards;
			sourceTree = "<group>";
		};
		143A19831FC5106700488927 /* Supporting Files */ = {
			isa = PBXGroup;
			children = (
				142347171FC4CA8200A129B0 /* Assets.xcassets */,
			);
			path = "Supporting Files";
			sourceTree = "<group>";
		};
		1464C04E2007F31A005BA4ED /* Extensions */ = {
			isa = PBXGroup;
			children = (
				140EAE981FD5E570003E8C41 /* Date+Extension.swift */,
				145B03E42006C4DF00910305 /* NavigationController+Extension.swift */,
				14C6077B1FF5938E00A52F9B /* UIView+Extension.swift */,
			);
			path = Extensions;
			sourceTree = "<group>";
		};
		14BBC9E71FD1D9DF0096BBF6 /* Controller */ = {
			isa = PBXGroup;
			children = (
				141062E51FCB805F0007CED0 /* APIController.swift */,
				1406189B1FD7293C00BC8D58 /* Converter.swift */,
				14BBC9E31FD08ACB0096BBF6 /* DataStore.swift */,
				14341F071FDF51CE000D9E60 /* DateController.swift */,
				14B3E7FE1FE1EF6900411AF8 /* EmailController.swift */,
				140CA4171FD0877F00B52AE9 /* FirebaseController.swift */,
				147BA21120117DAD007B88D8 /* CollectionViewDataSourceController.swift */,
				1481B9B11FCCAC4800959AC7 /* WeatherAPI.swift */,
				14C989C41FD1E1B10024724A /* WeatherController.swift */,
			);
			path = Controller;
			sourceTree = "<group>";
		};
		14C989CC1FD2621A0024724A /* Model */ = {
			isa = PBXGroup;
			children = (
				1481B9B71FCCC17600959AC7 /* Conditions.swift */,
				1481B9B91FCCE87700959AC7 /* Day.swift */,
				1481B9BD1FCCEF8100959AC7 /* Group.swift */,
				1481B9B51FCCB3B500959AC7 /* Location.swift */,
				1481B9BB1FCCEE2000959AC7 /* Reservation.swift */,
				1481B9B31FCCAD5E00959AC7 /* Weather.swift */,
				147BA20F201146FF007B88D8 /* Media.swift */,
			);
			path = Model;
			sourceTree = "<group>";
		};
		14C989CD1FD262770024724A /* View */ = {
			isa = PBXGroup;
			children = (
				143A19841FC5123400488927 /* DashboardTableViewCell.swift */,
				147087B91FC5276F00B13273 /* DateCell.swift */,
				147BA20B2011224A007B88D8 /* MediaCollectionViewCell.swift */,
				147BA20D201122AC007B88D8 /* SectionHeader.swift */,
				147D28631FFD7A91008A5545 /* TripDetailsTableViewCell.swift */,
				147D28611FFD5824008A5545 /* UpcomingTripTableViewCell.swift */,
				14BBC9E51FD0A01B0096BBF6 /* WeatherCollectionViewCell.swift */,
				14C055AE1FD6353B0075947F /* WeatherTableViewCell.swift */,
			);
			path = View;
			sourceTree = "<group>";
		};
		14C989CE1FD2628F0024724A /* View Controller */ = {
			isa = PBXGroup;
			children = (
				143A19771FC4E68E00488927 /* DashboardViewController.swift */,
				143A19751FC4E67700488927 /* LoginViewController.swift */,
				1444D04D200E8FE000A6158F /* MediaViewController.swift */,
				1429FFF41FD899BD00C2BBBD /* ReservationViewController.swift */,
				147087B71FC5269F00B13273 /* SchedulingViewController.swift */,
				147D285B1FFC0C87008A5545 /* UpcomingTripsViewController.swift */,
			);
			path = "View Controller";
			sourceTree = "<group>";
		};
		D94FD85DABD7CBA4FBE89BBE /* Pods */ = {
			isa = PBXGroup;
			children = (
				C3EB7A26235281C5F12BC29A /* Pods-Bluebird Heli.debug.xcconfig */,
				04317FAAAB0F7737F09123C5 /* Pods-Bluebird Heli.release.xcconfig */,
				50A0BF17C7AF70CB22677329 /* Pods-Bluebird Heli.debug (production).xcconfig */,
				61855EC4DE4E7656B3AA8F1C /* Pods-Bluebird Heli.debug (staging).xcconfig */,
			);
			name = Pods;
			sourceTree = "<group>";
		};
		DCD6A3D6FE7413CE3EEC4822 /* Frameworks */ = {
			isa = PBXGroup;
			children = (
				DFA89DBD487C3ABCD53A3230 /* Pods_Bluebird_Heli.framework */,
			);
			name = Frameworks;
			sourceTree = "<group>";
		};
/* End PBXGroup section */

/* Begin PBXNativeTarget section */
		1423470C1FC4CA8200A129B0 /* Bluebird Heli */ = {
			isa = PBXNativeTarget;
			buildConfigurationList = 1423471F1FC4CA8200A129B0 /* Build configuration list for PBXNativeTarget "Bluebird Heli" */;
			buildPhases = (
				C3EEA2BAB760585C67BE09D2 /* [CP] Check Pods Manifest.lock */,
				142347091FC4CA8200A129B0 /* Sources */,
				1423470A1FC4CA8200A129B0 /* Frameworks */,
				1423470B1FC4CA8200A129B0 /* Resources */,
				47219C7DC370B03C932742A5 /* [CP] Embed Pods Frameworks */,
				C4932E99E6168AF28D9D123E /* [CP] Copy Pods Resources */,
			);
			buildRules = (
			);
			dependencies = (
			);
			name = "Bluebird Heli";
			productName = "Bluebird Heli";
			productReference = 1423470D1FC4CA8200A129B0 /* Bluebird Heli.app */;
			productType = "com.apple.product-type.application";
		};
/* End PBXNativeTarget section */

/* Begin PBXProject section */
		142347051FC4CA8200A129B0 /* Project object */ = {
			isa = PBXProject;
			attributes = {
				LastSwiftUpdateCheck = 0900;
				LastUpgradeCheck = 0900;
				ORGANIZATIONNAME = "Sean Calkins";
				TargetAttributes = {
					1423470C1FC4CA8200A129B0 = {
						CreatedOnToolsVersion = 9.0;
						ProvisioningStyle = Automatic;
					};
				};
			};
			buildConfigurationList = 142347081FC4CA8200A129B0 /* Build configuration list for PBXProject "Bluebird Heli" */;
			compatibilityVersion = "Xcode 8.0";
			developmentRegion = en;
			hasScannedForEncodings = 0;
			knownRegions = (
				en,
				Base,
			);
			mainGroup = 142347041FC4CA8200A129B0;
			productRefGroup = 1423470E1FC4CA8200A129B0 /* Products */;
			projectDirPath = "";
			projectRoot = "";
			targets = (
				1423470C1FC4CA8200A129B0 /* Bluebird Heli */,
			);
		};
/* End PBXProject section */

/* Begin PBXResourcesBuildPhase section */
		1423470B1FC4CA8200A129B0 /* Resources */ = {
			isa = PBXResourcesBuildPhase;
			buildActionMask = 2147483647;
			files = (
				1423471B1FC4CA8200A129B0 /* LaunchScreen.storyboard in Resources */,
				143A19721FC4DB6600488927 /* GoogleService-Info.plist in Resources */,
				142347181FC4CA8200A129B0 /* Assets.xcassets in Resources */,
				143A197A1FC4E7A400488927 /* Login.storyboard in Resources */,
				142347161FC4CA8200A129B0 /* Main.storyboard in Resources */,
			);
			runOnlyForDeploymentPostprocessing = 0;
		};
/* End PBXResourcesBuildPhase section */

/* Begin PBXShellScriptBuildPhase section */
		47219C7DC370B03C932742A5 /* [CP] Embed Pods Frameworks */ = {
			isa = PBXShellScriptBuildPhase;
			buildActionMask = 2147483647;
			files = (
			);
			inputPaths = (
				"${SRCROOT}/Pods/Target Support Files/Pods-Bluebird Heli/Pods-Bluebird Heli-frameworks.sh",
				"${BUILT_PRODUCTS_DIR}/GTMSessionFetcher/GTMSessionFetcher.framework",
				"${BUILT_PRODUCTS_DIR}/GoogleToolboxForMac/GoogleToolboxForMac.framework",
				"${BUILT_PRODUCTS_DIR}/JTAppleCalendar/JTAppleCalendar.framework",
				"${BUILT_PRODUCTS_DIR}/leveldb-library/leveldb.framework",
				"${BUILT_PRODUCTS_DIR}/nanopb/nanopb.framework",
			);
			name = "[CP] Embed Pods Frameworks";
			outputPaths = (
				"${TARGET_BUILD_DIR}/${FRAMEWORKS_FOLDER_PATH}/GTMSessionFetcher.framework",
				"${TARGET_BUILD_DIR}/${FRAMEWORKS_FOLDER_PATH}/GoogleToolboxForMac.framework",
				"${TARGET_BUILD_DIR}/${FRAMEWORKS_FOLDER_PATH}/JTAppleCalendar.framework",
				"${TARGET_BUILD_DIR}/${FRAMEWORKS_FOLDER_PATH}/leveldb.framework",
				"${TARGET_BUILD_DIR}/${FRAMEWORKS_FOLDER_PATH}/nanopb.framework",
			);
			runOnlyForDeploymentPostprocessing = 0;
			shellPath = /bin/sh;
			shellScript = "\"${SRCROOT}/Pods/Target Support Files/Pods-Bluebird Heli/Pods-Bluebird Heli-frameworks.sh\"\n";
			showEnvVarsInLog = 0;
		};
		C3EEA2BAB760585C67BE09D2 /* [CP] Check Pods Manifest.lock */ = {
			isa = PBXShellScriptBuildPhase;
			buildActionMask = 2147483647;
			files = (
			);
			inputPaths = (
				"${PODS_PODFILE_DIR_PATH}/Podfile.lock",
				"${PODS_ROOT}/Manifest.lock",
			);
			name = "[CP] Check Pods Manifest.lock";
			outputPaths = (
				"$(DERIVED_FILE_DIR)/Pods-Bluebird Heli-checkManifestLockResult.txt",
			);
			runOnlyForDeploymentPostprocessing = 0;
			shellPath = /bin/sh;
			shellScript = "diff \"${PODS_PODFILE_DIR_PATH}/Podfile.lock\" \"${PODS_ROOT}/Manifest.lock\" > /dev/null\nif [ $? != 0 ] ; then\n    # print error to STDERR\n    echo \"error: The sandbox is not in sync with the Podfile.lock. Run 'pod install' or update your CocoaPods installation.\" >&2\n    exit 1\nfi\n# This output is used by Xcode 'outputs' to avoid re-running this script phase.\necho \"SUCCESS\" > \"${SCRIPT_OUTPUT_FILE_0}\"\n";
			showEnvVarsInLog = 0;
		};
		C4932E99E6168AF28D9D123E /* [CP] Copy Pods Resources */ = {
			isa = PBXShellScriptBuildPhase;
			buildActionMask = 2147483647;
			files = (
			);
			inputPaths = (
			);
			name = "[CP] Copy Pods Resources";
			outputPaths = (
			);
			runOnlyForDeploymentPostprocessing = 0;
			shellPath = /bin/sh;
			shellScript = "\"${SRCROOT}/Pods/Target Support Files/Pods-Bluebird Heli/Pods-Bluebird Heli-resources.sh\"\n";
			showEnvVarsInLog = 0;
		};
/* End PBXShellScriptBuildPhase section */

/* Begin PBXSourcesBuildPhase section */
		142347091FC4CA8200A129B0 /* Sources */ = {
			isa = PBXSourcesBuildPhase;
			buildActionMask = 2147483647;
			files = (
				147D285C1FFC0C87008A5545 /* UpcomingTripsViewController.swift in Sources */,
				140CA4181FD0877F00B52AE9 /* FirebaseController.swift in Sources */,
				14BBC9E41FD08ACB0096BBF6 /* DataStore.swift in Sources */,
				141062E61FCB805F0007CED0 /* APIController.swift in Sources */,
				1444D050200E91FA00A6158F /* TripsLayout.swift in Sources */,
				14C989CB1FD1F1C50024724A /* Configuration.swift in Sources */,
				143A19851FC5123400488927 /* DashboardTableViewCell.swift in Sources */,
				147BA20C2011224A007B88D8 /* MediaCollectionViewCell.swift in Sources */,
				14C6077E1FF5972500A52F9B /* Constants.swift in Sources */,
				1481B9B81FCCC17600959AC7 /* Conditions.swift in Sources */,
				147D28621FFD5824008A5545 /* UpcomingTripTableViewCell.swift in Sources */,
				1481B9B61FCCB3B500959AC7 /* Location.swift in Sources */,
				14BBC9E61FD0A01B0096BBF6 /* WeatherCollectionViewCell.swift in Sources */,
				147BA21220117DAD007B88D8 /* CollectionViewDataSourceController.swift in Sources */,
				143A19781FC4E68E00488927 /* DashboardViewController.swift in Sources */,
				147BA210201146FF007B88D8 /* Media.swift in Sources */,
				14C055AF1FD6353B0075947F /* WeatherTableViewCell.swift in Sources */,
				147D28641FFD7A91008A5545 /* TripDetailsTableViewCell.swift in Sources */,
				14C989C51FD1E1B10024724A /* WeatherController.swift in Sources */,
				147BA20E201122AC007B88D8 /* SectionHeader.swift in Sources */,
				145B03E52006C4DF00910305 /* NavigationController+Extension.swift in Sources */,
				147087B81FC5269F00B13273 /* SchedulingViewController.swift in Sources */,
				1481B9BE1FCCEF8100959AC7 /* Group.swift in Sources */,
				14B3E7FF1FE1EF6900411AF8 /* EmailController.swift in Sources */,
				1444D04E200E8FE000A6158F /* MediaViewController.swift in Sources */,
				1481B9B41FCCAD5E00959AC7 /* Weather.swift in Sources */,
				1481B9BA1FCCE87700959AC7 /* Day.swift in Sources */,
				1429FFF51FD899BD00C2BBBD /* ReservationViewController.swift in Sources */,
				142347111FC4CA8200A129B0 /* AppDelegate.swift in Sources */,
				14341F081FDF51CE000D9E60 /* DateController.swift in Sources */,
				140EAE991FD5E570003E8C41 /* Date+Extension.swift in Sources */,
				14C6077C1FF5938E00A52F9B /* UIView+Extension.swift in Sources */,
				1481B9BC1FCCEE2000959AC7 /* Reservation.swift in Sources */,
				1481B9B21FCCAC4800959AC7 /* WeatherAPI.swift in Sources */,
				1406189C1FD7293C00BC8D58 /* Converter.swift in Sources */,
				147087BA1FC5276F00B13273 /* DateCell.swift in Sources */,
				143A19761FC4E67700488927 /* LoginViewController.swift in Sources */,
			);
			runOnlyForDeploymentPostprocessing = 0;
		};
/* End PBXSourcesBuildPhase section */

/* Begin PBXVariantGroup section */
		142347141FC4CA8200A129B0 /* Main.storyboard */ = {
			isa = PBXVariantGroup;
			children = (
				142347151FC4CA8200A129B0 /* Base */,
			);
			name = Main.storyboard;
			sourceTree = "<group>";
		};
		142347191FC4CA8200A129B0 /* LaunchScreen.storyboard */ = {
			isa = PBXVariantGroup;
			children = (
				1423471A1FC4CA8200A129B0 /* Base */,
			);
			name = LaunchScreen.storyboard;
			sourceTree = "<group>";
		};
/* End PBXVariantGroup section */

/* Begin XCBuildConfiguration section */
		1423471D1FC4CA8200A129B0 /* Debug (Production) */ = {
			isa = XCBuildConfiguration;
			buildSettings = {
				ALWAYS_SEARCH_USER_PATHS = NO;
				CLANG_ANALYZER_NONNULL = YES;
				CLANG_ANALYZER_NUMBER_OBJECT_CONVERSION = YES_AGGRESSIVE;
				CLANG_CXX_LANGUAGE_STANDARD = "gnu++14";
				CLANG_CXX_LIBRARY = "libc++";
				CLANG_ENABLE_MODULES = YES;
				CLANG_ENABLE_OBJC_ARC = YES;
				CLANG_WARN_BLOCK_CAPTURE_AUTORELEASING = YES;
				CLANG_WARN_BOOL_CONVERSION = YES;
				CLANG_WARN_COMMA = YES;
				CLANG_WARN_CONSTANT_CONVERSION = YES;
				CLANG_WARN_DIRECT_OBJC_ISA_USAGE = YES_ERROR;
				CLANG_WARN_DOCUMENTATION_COMMENTS = YES;
				CLANG_WARN_EMPTY_BODY = YES;
				CLANG_WARN_ENUM_CONVERSION = YES;
				CLANG_WARN_INFINITE_RECURSION = YES;
				CLANG_WARN_INT_CONVERSION = YES;
				CLANG_WARN_NON_LITERAL_NULL_CONVERSION = YES;
				CLANG_WARN_OBJC_LITERAL_CONVERSION = YES;
				CLANG_WARN_OBJC_ROOT_CLASS = YES_ERROR;
				CLANG_WARN_RANGE_LOOP_ANALYSIS = YES;
				CLANG_WARN_STRICT_PROTOTYPES = YES;
				CLANG_WARN_SUSPICIOUS_MOVE = YES;
				CLANG_WARN_UNGUARDED_AVAILABILITY = YES_AGGRESSIVE;
				CLANG_WARN_UNREACHABLE_CODE = YES;
				CLANG_WARN__DUPLICATE_METHOD_MATCH = YES;
				CODE_SIGN_IDENTITY = "iPhone Developer";
				COPY_PHASE_STRIP = NO;
				DEBUG_INFORMATION_FORMAT = dwarf;
				ENABLE_STRICT_OBJC_MSGSEND = YES;
				ENABLE_TESTABILITY = YES;
				GCC_C_LANGUAGE_STANDARD = gnu11;
				GCC_DYNAMIC_NO_PIC = NO;
				GCC_NO_COMMON_BLOCKS = YES;
				GCC_OPTIMIZATION_LEVEL = 0;
				GCC_PREPROCESSOR_DEFINITIONS = (
					"DEBUG=1",
					"$(inherited)",
				);
				GCC_WARN_64_TO_32_BIT_CONVERSION = YES;
				GCC_WARN_ABOUT_RETURN_TYPE = YES_ERROR;
				GCC_WARN_UNDECLARED_SELECTOR = YES;
				GCC_WARN_UNINITIALIZED_AUTOS = YES_AGGRESSIVE;
				GCC_WARN_UNUSED_FUNCTION = YES;
				GCC_WARN_UNUSED_VARIABLE = YES;
				IPHONEOS_DEPLOYMENT_TARGET = 11.0;
				MTL_ENABLE_DEBUG_INFO = YES;
				ONLY_ACTIVE_ARCH = YES;
				SDKROOT = iphoneos;
				SWIFT_ACTIVE_COMPILATION_CONDITIONS = DEBUG;
				SWIFT_OPTIMIZATION_LEVEL = "-Onone";
			};
			name = "Debug (Production)";
		};
		1423471E1FC4CA8200A129B0 /* Release */ = {
			isa = XCBuildConfiguration;
			buildSettings = {
				ALWAYS_SEARCH_USER_PATHS = NO;
				CLANG_ANALYZER_NONNULL = YES;
				CLANG_ANALYZER_NUMBER_OBJECT_CONVERSION = YES_AGGRESSIVE;
				CLANG_CXX_LANGUAGE_STANDARD = "gnu++14";
				CLANG_CXX_LIBRARY = "libc++";
				CLANG_ENABLE_MODULES = YES;
				CLANG_ENABLE_OBJC_ARC = YES;
				CLANG_WARN_BLOCK_CAPTURE_AUTORELEASING = YES;
				CLANG_WARN_BOOL_CONVERSION = YES;
				CLANG_WARN_COMMA = YES;
				CLANG_WARN_CONSTANT_CONVERSION = YES;
				CLANG_WARN_DIRECT_OBJC_ISA_USAGE = YES_ERROR;
				CLANG_WARN_DOCUMENTATION_COMMENTS = YES;
				CLANG_WARN_EMPTY_BODY = YES;
				CLANG_WARN_ENUM_CONVERSION = YES;
				CLANG_WARN_INFINITE_RECURSION = YES;
				CLANG_WARN_INT_CONVERSION = YES;
				CLANG_WARN_NON_LITERAL_NULL_CONVERSION = YES;
				CLANG_WARN_OBJC_LITERAL_CONVERSION = YES;
				CLANG_WARN_OBJC_ROOT_CLASS = YES_ERROR;
				CLANG_WARN_RANGE_LOOP_ANALYSIS = YES;
				CLANG_WARN_STRICT_PROTOTYPES = YES;
				CLANG_WARN_SUSPICIOUS_MOVE = YES;
				CLANG_WARN_UNGUARDED_AVAILABILITY = YES_AGGRESSIVE;
				CLANG_WARN_UNREACHABLE_CODE = YES;
				CLANG_WARN__DUPLICATE_METHOD_MATCH = YES;
				CODE_SIGN_IDENTITY = "iPhone Developer";
				COPY_PHASE_STRIP = NO;
				DEBUG_INFORMATION_FORMAT = "dwarf-with-dsym";
				ENABLE_NS_ASSERTIONS = NO;
				ENABLE_STRICT_OBJC_MSGSEND = YES;
				GCC_C_LANGUAGE_STANDARD = gnu11;
				GCC_NO_COMMON_BLOCKS = YES;
				GCC_WARN_64_TO_32_BIT_CONVERSION = YES;
				GCC_WARN_ABOUT_RETURN_TYPE = YES_ERROR;
				GCC_WARN_UNDECLARED_SELECTOR = YES;
				GCC_WARN_UNINITIALIZED_AUTOS = YES_AGGRESSIVE;
				GCC_WARN_UNUSED_FUNCTION = YES;
				GCC_WARN_UNUSED_VARIABLE = YES;
				IPHONEOS_DEPLOYMENT_TARGET = 11.0;
				MTL_ENABLE_DEBUG_INFO = NO;
				SDKROOT = iphoneos;
				SWIFT_OPTIMIZATION_LEVEL = "-Owholemodule";
				VALIDATE_PRODUCT = YES;
			};
			name = Release;
		};
		142347201FC4CA8200A129B0 /* Debug (Production) */ = {
			isa = XCBuildConfiguration;
			baseConfigurationReference = 50A0BF17C7AF70CB22677329 /* Pods-Bluebird Heli.debug (production).xcconfig */;
			buildSettings = {
				ASSETCATALOG_COMPILER_APPICON_NAME = AppIcon;
				CODE_SIGN_STYLE = Automatic;
				DEVELOPMENT_TEAM = 954HJ5Q475;
				INFOPLIST_FILE = "Bluebird Heli/Info.plist";
				IPHONEOS_DEPLOYMENT_TARGET = 10.3;
				LD_RUNPATH_SEARCH_PATHS = "$(inherited) @executable_path/Frameworks";
				PRODUCT_BUNDLE_IDENTIFIER = com.cloudVeil.bluebirdHeli;
				PRODUCT_NAME = "$(TARGET_NAME)";
				SWIFT_VERSION = 4.0;
				TARGETED_DEVICE_FAMILY = "1,2";
			};
			name = "Debug (Production)";
		};
		142347211FC4CA8200A129B0 /* Release */ = {
			isa = XCBuildConfiguration;
			baseConfigurationReference = 04317FAAAB0F7737F09123C5 /* Pods-Bluebird Heli.release.xcconfig */;
			buildSettings = {
				ASSETCATALOG_COMPILER_APPICON_NAME = AppIcon;
				CODE_SIGN_STYLE = Automatic;
				DEVELOPMENT_TEAM = 954HJ5Q475;
				INFOPLIST_FILE = "Bluebird Heli/Info.plist";
				IPHONEOS_DEPLOYMENT_TARGET = 10.3;
				LD_RUNPATH_SEARCH_PATHS = "$(inherited) @executable_path/Frameworks";
				PRODUCT_BUNDLE_IDENTIFIER = com.cloudVeil.bluebirdHeli;
				PRODUCT_NAME = "$(TARGET_NAME)";
				SWIFT_VERSION = 4.0;
				TARGETED_DEVICE_FAMILY = "1,2";
			};
			name = Release;
		};
		14C989C81FD1EDBB0024724A /* Debug (Staging) */ = {
			isa = XCBuildConfiguration;
			buildSettings = {
				ALWAYS_SEARCH_USER_PATHS = NO;
				CLANG_ANALYZER_NONNULL = YES;
				CLANG_ANALYZER_NUMBER_OBJECT_CONVERSION = YES_AGGRESSIVE;
				CLANG_CXX_LANGUAGE_STANDARD = "gnu++14";
				CLANG_CXX_LIBRARY = "libc++";
				CLANG_ENABLE_MODULES = YES;
				CLANG_ENABLE_OBJC_ARC = YES;
				CLANG_WARN_BLOCK_CAPTURE_AUTORELEASING = YES;
				CLANG_WARN_BOOL_CONVERSION = YES;
				CLANG_WARN_COMMA = YES;
				CLANG_WARN_CONSTANT_CONVERSION = YES;
				CLANG_WARN_DIRECT_OBJC_ISA_USAGE = YES_ERROR;
				CLANG_WARN_DOCUMENTATION_COMMENTS = YES;
				CLANG_WARN_EMPTY_BODY = YES;
				CLANG_WARN_ENUM_CONVERSION = YES;
				CLANG_WARN_INFINITE_RECURSION = YES;
				CLANG_WARN_INT_CONVERSION = YES;
				CLANG_WARN_NON_LITERAL_NULL_CONVERSION = YES;
				CLANG_WARN_OBJC_LITERAL_CONVERSION = YES;
				CLANG_WARN_OBJC_ROOT_CLASS = YES_ERROR;
				CLANG_WARN_RANGE_LOOP_ANALYSIS = YES;
				CLANG_WARN_STRICT_PROTOTYPES = YES;
				CLANG_WARN_SUSPICIOUS_MOVE = YES;
				CLANG_WARN_UNGUARDED_AVAILABILITY = YES_AGGRESSIVE;
				CLANG_WARN_UNREACHABLE_CODE = YES;
				CLANG_WARN__DUPLICATE_METHOD_MATCH = YES;
				CODE_SIGN_IDENTITY = "iPhone Developer";
				COPY_PHASE_STRIP = NO;
				DEBUG_INFORMATION_FORMAT = dwarf;
				ENABLE_STRICT_OBJC_MSGSEND = YES;
				ENABLE_TESTABILITY = YES;
				GCC_C_LANGUAGE_STANDARD = gnu11;
				GCC_DYNAMIC_NO_PIC = NO;
				GCC_NO_COMMON_BLOCKS = YES;
				GCC_OPTIMIZATION_LEVEL = 0;
				GCC_PREPROCESSOR_DEFINITIONS = (
					"DEBUG=1",
					"$(inherited)",
				);
				GCC_WARN_64_TO_32_BIT_CONVERSION = YES;
				GCC_WARN_ABOUT_RETURN_TYPE = YES_ERROR;
				GCC_WARN_UNDECLARED_SELECTOR = YES;
				GCC_WARN_UNINITIALIZED_AUTOS = YES_AGGRESSIVE;
				GCC_WARN_UNUSED_FUNCTION = YES;
				GCC_WARN_UNUSED_VARIABLE = YES;
				IPHONEOS_DEPLOYMENT_TARGET = 11.0;
				MTL_ENABLE_DEBUG_INFO = YES;
				ONLY_ACTIVE_ARCH = YES;
				SDKROOT = iphoneos;
				SWIFT_ACTIVE_COMPILATION_CONDITIONS = DEBUG;
				SWIFT_OPTIMIZATION_LEVEL = "-Onone";
			};
			name = "Debug (Staging)";
		};
		14C989C91FD1EDBB0024724A /* Debug (Staging) */ = {
			isa = XCBuildConfiguration;
			baseConfigurationReference = 61855EC4DE4E7656B3AA8F1C /* Pods-Bluebird Heli.debug (staging).xcconfig */;
			buildSettings = {
				ASSETCATALOG_COMPILER_APPICON_NAME = AppIcon;
				CODE_SIGN_STYLE = Automatic;
				DEVELOPMENT_TEAM = 954HJ5Q475;
				INFOPLIST_FILE = "Bluebird Heli/Info.plist";
				IPHONEOS_DEPLOYMENT_TARGET = 10.3;
				LD_RUNPATH_SEARCH_PATHS = "$(inherited) @executable_path/Frameworks";
				PRODUCT_BUNDLE_IDENTIFIER = com.cloudVeil.bluebirdHeli;
				PRODUCT_NAME = "$(TARGET_NAME)";
				SWIFT_VERSION = 4.0;
				TARGETED_DEVICE_FAMILY = "1,2";
			};
			name = "Debug (Staging)";
		};
/* End XCBuildConfiguration section */

/* Begin XCConfigurationList section */
		142347081FC4CA8200A129B0 /* Build configuration list for PBXProject "Bluebird Heli" */ = {
			isa = XCConfigurationList;
			buildConfigurations = (
				1423471D1FC4CA8200A129B0 /* Debug (Production) */,
				14C989C81FD1EDBB0024724A /* Debug (Staging) */,
				1423471E1FC4CA8200A129B0 /* Release */,
			);
			defaultConfigurationIsVisible = 0;
			defaultConfigurationName = Release;
		};
		1423471F1FC4CA8200A129B0 /* Build configuration list for PBXNativeTarget "Bluebird Heli" */ = {
			isa = XCConfigurationList;
			buildConfigurations = (
				142347201FC4CA8200A129B0 /* Debug (Production) */,
				14C989C91FD1EDBB0024724A /* Debug (Staging) */,
				142347211FC4CA8200A129B0 /* Release */,
			);
			defaultConfigurationIsVisible = 0;
			defaultConfigurationName = Release;
		};
/* End XCConfigurationList section */
	};
	rootObject = 142347051FC4CA8200A129B0 /* Project object */;
}
